
Microsoft Visual Studio Solution File, Format Version 12.00
# Visual Studio Version 17
VisualStudioVersion = 17.8.34330.188
MinimumVisualStudioVersion = 10.0.40219.1
Project("{FAE04EC0-301F-11D3-BF4B-00C04F79EFBC}") = "HMS", "HMS.csproj", "{8AA1E3CB-B134-4DDB-B82A-18BC8ABE0B5E}"
EndProject
Project("{FAE04EC0-301F-11D3-BF4B-00C04F79EFBC}") = "HMS2", "..\HMS2\HMS2.csproj", "{620A00E4-F3E1-4A84-A647-5168712E56C4}"
EndProject
Global
	GlobalSection(SolutionConfigurationPlatforms) = preSolution
		Debug|Any CPU = Debug|Any CPU
		Release|Any CPU = Release|Any CPU
	EndGlobalSection
	GlobalSection(ProjectConfigurationPlatforms) = postSolution
		{8AA1E3CB-B134-4DDB-B82A-18BC8ABE0B5E}.Debug|Any CPU.ActiveCfg = Debug|Any CPU
		{8AA1E3CB-B134-4DDB-B82A-18BC8ABE0B5E}.Debug|Any CPU.Build.0 = Debug|Any CPU
		{8AA1E3CB-B134-4DDB-B82A-18BC8ABE0B5E}.Release|Any CPU.ActiveCfg = Release|Any CPU
		{8AA1E3CB-B134-4DDB-B82A-18BC8ABE0B5E}.Release|Any CPU.Build.0 = Release|Any CPU
		{620A00E4-F3E1-4A84-A647-5168712E56C4}.Debug|Any CPU.ActiveCfg = Debug|Any CPU
		{620A00E4-F3E1-4A84-A647-5168712E56C4}.Debug|Any CPU.Build.0 = Debug|Any CPU
		{620A00E4-F3E1-4A84-A647-5168712E56C4}.Release|Any CPU.ActiveCfg = Release|Any CPU
		{620A00E4-F3E1-4A84-A647-5168712E56C4}.Release|Any CPU.Build.0 = Release|Any CPU
	EndGlobalSection
	GlobalSection(SolutionProperties) = preSolution
		HideSolutionNode = FALSE
	EndGlobalSection
	GlobalSection(ExtensibilityGlobals) = postSolution
		SolutionGuid = {8BD36B3F-06FA-4367-9A3F-E9F19EE7FB84}
	EndGlobalSection
EndGlobal
